
Microsoft Visual Studio Solution File, Format Version 12.00
# Visual Studio Version 17
VisualStudioVersion = 17.11.35327.3
MinimumVisualStudioVersion = 10.0.40219.1
Project("{FAE04EC0-301F-11D3-BF4B-00C04F79EFBC}") = "Bus-Ticket-Sales-Automation", "Bus-Ticket-Sales-Automation\Bus-Ticket-Sales-Automation.csproj", "{267FB5A3-521E-44C0-A15E-335E5DBEDE85}"
EndProject
Global
	GlobalSection(SolutionConfigurationPlatforms) = preSolution
		Debug|Any CPU = Debug|Any CPU
		Release|Any CPU = Release|Any CPU
	EndGlobalSection
	GlobalSection(ProjectConfigurationPlatforms) = postSolution
		{267FB5A3-521E-44C0-A15E-335E5DBEDE85}.Debug|Any CPU.ActiveCfg = Debug|Any CPU
		{267FB5A3-521E-44C0-A15E-335E5DBEDE85}.Debug|Any CPU.Build.0 = Debug|Any CPU
		{267FB5A3-521E-44C0-A15E-335E5DBEDE85}.Release|Any CPU.ActiveCfg = Release|Any CPU
		{267FB5A3-521E-44C0-A15E-335E5DBEDE85}.Release|Any CPU.Build.0 = Release|Any CPU
	EndGlobalSection
	GlobalSection(SolutionProperties) = preSolution
		HideSolutionNode = FALSE
	EndGlobalSection
	GlobalSection(ExtensibilityGlobals) = postSolution
		SolutionGuid = {0DB10C49-BF69-4DC5-B3ED-C2D95CC43D10}
	EndGlobalSection
EndGlobal
